
Microsoft Visual Studio Solution File, Format Version 12.00
# Visual Studio 14
VisualStudioVersion = 14.0.25123.0
MinimumVisualStudioVersion = 10.0.40219.1
Project("{FAE04EC0-301F-11D3-BF4B-00C04F79EFBC}") = "MusicEducation.Web", "MusicEducation.Web\MusicEducation.Web.csproj", "{4B9D1103-E187-44D7-8521-800912BD04CA}"
EndProject
Project("{FAE04EC0-301F-11D3-BF4B-00C04F79EFBC}") = "MusicEducation.Service", "MusicEducation.Service\MusicEducation.Service.csproj", "{FAFF4529-D299-40C9-BBC6-8A913D176B74}"
EndProject
Project("{FAE04EC0-301F-11D3-BF4B-00C04F79EFBC}") = "MusicEducation.Client", "MusicEducation.Client\MusicEducation.Client.csproj", "{B2C34F44-BA21-4CA4-A53C-13171789AD90}"
EndProject
Global
	GlobalSection(SolutionConfigurationPlatforms) = preSolution
		Debug|Any CPU = Debug|Any CPU
		Release|Any CPU = Release|Any CPU
	EndGlobalSection
	GlobalSection(ProjectConfigurationPlatforms) = postSolution
		{4B9D1103-E187-44D7-8521-800912BD04CA}.Debug|Any CPU.ActiveCfg = Debug|Any CPU
		{4B9D1103-E187-44D7-8521-800912BD04CA}.Debug|Any CPU.Build.0 = Debug|Any CPU
		{4B9D1103-E187-44D7-8521-800912BD04CA}.Release|Any CPU.ActiveCfg = Release|Any CPU
		{4B9D1103-E187-44D7-8521-800912BD04CA}.Release|Any CPU.Build.0 = Release|Any CPU
		{FAFF4529-D299-40C9-BBC6-8A913D176B74}.Debug|Any CPU.ActiveCfg = Debug|Any CPU
		{FAFF4529-D299-40C9-BBC6-8A913D176B74}.Debug|Any CPU.Build.0 = Debug|Any CPU
		{FAFF4529-D299-40C9-BBC6-8A913D176B74}.Release|Any CPU.ActiveCfg = Release|Any CPU
		{FAFF4529-D299-40C9-BBC6-8A913D176B74}.Release|Any CPU.Build.0 = Release|Any CPU
		{B2C34F44-BA21-4CA4-A53C-13171789AD90}.Debug|Any CPU.ActiveCfg = Debug|Any CPU
		{B2C34F44-BA21-4CA4-A53C-13171789AD90}.Debug|Any CPU.Build.0 = Debug|Any CPU
		{B2C34F44-BA21-4CA4-A53C-13171789AD90}.Release|Any CPU.ActiveCfg = Release|Any CPU
		{B2C34F44-BA21-4CA4-A53C-13171789AD90}.Release|Any CPU.Build.0 = Release|Any CPU
	EndGlobalSection
	GlobalSection(SolutionProperties) = preSolution
		HideSolutionNode = FALSE
	EndGlobalSection
EndGlobal
